{
  "requires": true,
  "lockfileVersion": 1,
  "dependencies": {
    "angular-calendar": {
      "version": "0.25.2",
      "resolved": "https://registry.npmjs.org/angular-calendar/-/angular-calendar-0.25.2.tgz",
      "integrity": "sha512-sFzqwioLIEbRIpFcZq6Ap0tW8n8NNApwbbbs0DTmjnQjr6N1VZArlkKCecfqkYYG6dE496t7V616Ak7gTBa4QA==",
      "requires": {
        "angular-draggable-droppable": "^3.0.0",
        "angular-resizable-element": "^3.0.0",
        "calendar-utils": "^0.1.2",
        "date-fns": "^1.28.5",
        "positioning": "^1.3.1",
        "tslib": "^1.9.0"
      }
    },
    "angular-draggable-droppable": {
      "version": "3.0.1",
      "resolved": "https://registry.npmjs.org/angular-draggable-droppable/-/angular-draggable-droppable-3.0.1.tgz",
      "integrity": "sha512-+GYYq4U5rPcoNwaCdoY3sNBBKd80JT7+R8n4QINJKvtToisyGpsXmX68SkKfHsNtXyTzoxX/h/37XJgE0y8KLw==",
      "requires": {
        "tslib": "^1.9.0"
      }
    },
    "angular-resizable-element": {
      "version": "3.1.0",
      "resolved": "https://registry.npmjs.org/angular-resizable-element/-/angular-resizable-element-3.1.0.tgz",
      "integrity": "sha512-moVRSGnCgwCKofswHlNGSQWMz9OCC2JRxz4duJ6wC3g3WBMen2NpFSnoueEIMWoo/DJZjCuF3k/kFoTC4Ett3A==",
      "requires": {
        "tslib": "^1.9.0"
      }
    },
    "calendar-utils": {
      "version": "0.1.2",
      "resolved": "https://registry.npmjs.org/calendar-utils/-/calendar-utils-0.1.2.tgz",
      "integrity": "sha512-9j4Zd1itopNYTSWzFU4MqD2IDHMqznfxsGr8UWGh7hWv+lKzjRJz0LS29iAg5rHtP6+6x3ikQnhoMGqFUzoD2Q=="
    },
    "date-fns": {
      "version": "1.29.0",
      "resolved": "https://registry.npmjs.org/date-fns/-/date-fns-1.29.0.tgz",
      "integrity": "sha512-lbTXWZ6M20cWH8N9S6afb0SBm6tMk+uUg6z3MqHPKE9atmsY3kJkTm8vKe93izJ2B2+q5MV990sM2CHgtAZaOw=="
    },
    "positioning": {
      "version": "1.3.1",
      "resolved": "https://registry.npmjs.org/positioning/-/positioning-1.3.1.tgz",
      "integrity": "sha512-9ac2qRSW1jAK2+MTZaAY/g1UKBBzSD6cfVq6ztKUW4zBcux/tCFq8FvDe4oen0Z3rfhZm4X1rwXaFrbLVrcC3Q=="
    },
    "rxjs-compat": {
      "version": "6.2.0",
      "resolved": "https://registry.npmjs.org/rxjs-compat/-/rxjs-compat-6.2.0.tgz",
      "integrity": "sha512-kFX7NSIgyzqn3+J5F/w75R72wDOICXwArbXyPU1neE4laOEwxkMTm+2oAZXN82yb+yli+j+c5USgbGLfphTCTA=="
    },
    "tslib": {
      "version": "1.9.2",
      "resolved": "https://registry.npmjs.org/tslib/-/tslib-1.9.2.tgz",
      "integrity": "sha512-AVP5Xol3WivEr7hnssHDsaM+lVrVXWUvd1cfXTRkTj80b//6g2wIFEH6hZG0muGZRnHGrfttpdzRk3YlBkWjKw=="
    }
  }
}
